// !$*UTF8*$!
{
	archiveVersion = 1;
	classes = {
	};
	objectVersion = 46;
	objects = {

/* Begin PBXBuildFile section */
		4853C87FD9BFBBE175B00864 /* Pods_DevChat.framework in Frameworks */ = {isa = PBXBuildFile; fileRef = 3864ED7945EC679B26485E16 /* Pods_DevChat.framework */; };
		79FB30E91DC505AB009E9872 /* AppDelegate.swift in Sources */ = {isa = PBXBuildFile; fileRef = 79FB30E81DC505AB009E9872 /* AppDelegate.swift */; };
		79FB30EE1DC505AB009E9872 /* Main.storyboard in Resources */ = {isa = PBXBuildFile; fileRef = 79FB30EC1DC505AB009E9872 /* Main.storyboard */; };
		79FB30F01DC505AB009E9872 /* Assets.xcassets in Resources */ = {isa = PBXBuildFile; fileRef = 79FB30EF1DC505AB009E9872 /* Assets.xcassets */; };
		79FB30F31DC505AB009E9872 /* LaunchScreen.storyboard in Resources */ = {isa = PBXBuildFile; fileRef = 79FB30F11DC505AB009E9872 /* LaunchScreen.storyboard */; };
		79FB31001DC530FE009E9872 /* GoogleService-Info.plist in Resources */ = {isa = PBXBuildFile; fileRef = 79FB30FF1DC530FE009E9872 /* GoogleService-Info.plist */; };
		79FB31021DC54518009E9872 /* BetterViews.swift in Sources */ = {isa = PBXBuildFile; fileRef = 79FB31011DC54518009E9872 /* BetterViews.swift */; };
		79FB31041DC5459F009E9872 /* Constants.swift in Sources */ = {isa = PBXBuildFile; fileRef = 79FB31031DC5459F009E9872 /* Constants.swift */; };
		79FB31061DC54735009E9872 /* RoundButton.swift in Sources */ = {isa = PBXBuildFile; fileRef = 79FB31051DC54735009E9872 /* RoundButton.swift */; };
		79FB31081DC54980009E9872 /* RoundedTextField.swift in Sources */ = {isa = PBXBuildFile; fileRef = 79FB31071DC54980009E9872 /* RoundedTextField.swift */; };
		79FB310A1DC55DA5009E9872 /* SignInVC.swift in Sources */ = {isa = PBXBuildFile; fileRef = 79FB31091DC55DA5009E9872 /* SignInVC.swift */; };
		79FB310D1DC67B2D009E9872 /* FeedVCViewController.swift in Sources */ = {isa = PBXBuildFile; fileRef = 79FB310C1DC67B2D009E9872 /* FeedVCViewController.swift */; };
/* End PBXBuildFile section */

/* Begin PBXFileReference section */
		134147E0F89D5067E30AC340 /* Pods-DevChat.debug.xcconfig */ = {isa = PBXFileReference; includeInIndex = 1; lastKnownFileType = text.xcconfig; name = "Pods-DevChat.debug.xcconfig"; path = "Pods/Target Support Files/Pods-DevChat/Pods-DevChat.debug.xcconfig"; sourceTree = "<group>"; };
		3864ED7945EC679B26485E16 /* Pods_DevChat.framework */ = {isa = PBXFileReference; explicitFileType = wrapper.framework; includeInIndex = 0; path = Pods_DevChat.framework; sourceTree = BUILT_PRODUCTS_DIR; };
		6CD64A288E020979278B9430 /* Pods-DevChat.release.xcconfig */ = {isa = PBXFileReference; includeInIndex = 1; lastKnownFileType = text.xcconfig; name = "Pods-DevChat.release.xcconfig"; path = "Pods/Target Support Files/Pods-DevChat/Pods-DevChat.release.xcconfig"; sourceTree = "<group>"; };
		79FB30E51DC505AB009E9872 /* DevChat.app */ = {isa = PBXFileReference; explicitFileType = wrapper.application; includeInIndex = 0; path = DevChat.app; sourceTree = BUILT_PRODUCTS_DIR; };
		79FB30E81DC505AB009E9872 /* AppDelegate.swift */ = {isa = PBXFileReference; lastKnownFileType = sourcecode.swift; path = AppDelegate.swift; sourceTree = "<group>"; };
		79FB30ED1DC505AB009E9872 /* Base */ = {isa = PBXFileReference; lastKnownFileType = file.storyboard; name = Base; path = Base.lproj/Main.storyboard; sourceTree = "<group>"; };
		79FB30EF1DC505AB009E9872 /* Assets.xcassets */ = {isa = PBXFileReference; lastKnownFileType = folder.assetcatalog; path = Assets.xcassets; sourceTree = "<group>"; };
		79FB30F21DC505AB009E9872 /* Base */ = {isa = PBXFileReference; lastKnownFileType = file.storyboard; name = Base; path = Base.lproj/LaunchScreen.storyboard; sourceTree = "<group>"; };
		79FB30F41DC505AB009E9872 /* Info.plist */ = {isa = PBXFileReference; lastKnownFileType = text.plist.xml; path = Info.plist; sourceTree = "<group>"; };
		79FB30FF1DC530FE009E9872 /* GoogleService-Info.plist */ = {isa = PBXFileReference; fileEncoding = 4; lastKnownFileType = text.plist.xml; path = "GoogleService-Info.plist"; sourceTree = "<group>"; };
		79FB31011DC54518009E9872 /* BetterViews.swift */ = {isa = PBXFileReference; fileEncoding = 4; lastKnownFileType = sourcecode.swift; path = BetterViews.swift; sourceTree = "<group>"; };
		79FB31031DC5459F009E9872 /* Constants.swift */ = {isa = PBXFileReference; fileEncoding = 4; lastKnownFileType = sourcecode.swift; path = Constants.swift; sourceTree = "<group>"; };
		79FB31051DC54735009E9872 /* RoundButton.swift */ = {isa = PBXFileReference; fileEncoding = 4; lastKnownFileType = sourcecode.swift; path = RoundButton.swift; sourceTree = "<group>"; };
		79FB31071DC54980009E9872 /* RoundedTextField.swift */ = {isa = PBXFileReference; fileEncoding = 4; lastKnownFileType = sourcecode.swift; path = RoundedTextField.swift; sourceTree = "<group>"; };
		79FB31091DC55DA5009E9872 /* SignInVC.swift */ = {isa = PBXFileReference; fileEncoding = 4; lastKnownFileType = sourcecode.swift; path = SignInVC.swift; sourceTree = "<group>"; };
		79FB310B1DC669CB009E9872 /* DevChat.entitlements */ = {isa = PBXFileReference; lastKnownFileType = text.plist.entitlements; path = DevChat.entitlements; sourceTree = "<group>"; };
		79FB310C1DC67B2D009E9872 /* FeedVCViewController.swift */ = {isa = PBXFileReference; fileEncoding = 4; lastKnownFileType = sourcecode.swift; path = FeedVCViewController.swift; sourceTree = "<group>"; };
/* End PBXFileReference section */

/* Begin PBXFrameworksBuildPhase section */
		79FB30E21DC505AB009E9872 /* Frameworks */ = {
			isa = PBXFrameworksBuildPhase;
			buildActionMask = 2147483647;
			files = (
				4853C87FD9BFBBE175B00864 /* Pods_DevChat.framework in Frameworks */,
			);
			runOnlyForDeploymentPostprocessing = 0;
		};
/* End PBXFrameworksBuildPhase section */

/* Begin PBXGroup section */
		630955126F6D8D32933C5FC6 /* Pods */ = {
			isa = PBXGroup;
			children = (
				134147E0F89D5067E30AC340 /* Pods-DevChat.debug.xcconfig */,
				6CD64A288E020979278B9430 /* Pods-DevChat.release.xcconfig */,
			);
			name = Pods;
			sourceTree = "<group>";
		};
		79FB30DC1DC505AB009E9872 = {
			isa = PBXGroup;
			children = (
				79FB30E71DC505AB009E9872 /* DevChat */,
				79FB30E61DC505AB009E9872 /* Products */,
				630955126F6D8D32933C5FC6 /* Pods */,
				F6A3C1AB30339974154E600F /* Frameworks */,
			);
			sourceTree = "<group>";
		};
		79FB30E61DC505AB009E9872 /* Products */ = {
			isa = PBXGroup;
			children = (
				79FB30E51DC505AB009E9872 /* DevChat.app */,
			);
			name = Products;
			sourceTree = "<group>";
		};
		79FB30E71DC505AB009E9872 /* DevChat */ = {
			isa = PBXGroup;
			children = (
				79FB310B1DC669CB009E9872 /* DevChat.entitlements */,
				79FB30FA1DC505CC009E9872 /* Model */,
				79FB30FB1DC505D2009E9872 /* View */,
				79FB30FC1DC505D7009E9872 /* Controller */,
				79FB30FE1DC505E8009E9872 /* Utilities */,
				79FB30FD1DC505E1009E9872 /* Resources */,
				79FB30E81DC505AB009E9872 /* AppDelegate.swift */,
				79FB30EC1DC505AB009E9872 /* Main.storyboard */,
				79FB30EF1DC505AB009E9872 /* Assets.xcassets */,
				79FB30F11DC505AB009E9872 /* LaunchScreen.storyboard */,
				79FB30FF1DC530FE009E9872 /* GoogleService-Info.plist */,
				79FB30F41DC505AB009E9872 /* Info.plist */,
			);
			path = DevChat;
			sourceTree = "<group>";
		};
		79FB30FA1DC505CC009E9872 /* Model */ = {
			isa = PBXGroup;
			children = (
			);
			name = Model;
			sourceTree = "<group>";
		};
		79FB30FB1DC505D2009E9872 /* View */ = {
			isa = PBXGroup;
			children = (
				79FB31011DC54518009E9872 /* BetterViews.swift */,
				79FB31051DC54735009E9872 /* RoundButton.swift */,
				79FB31071DC54980009E9872 /* RoundedTextField.swift */,
			);
			name = View;
			sourceTree = "<group>";
		};
		79FB30FC1DC505D7009E9872 /* Controller */ = {
			isa = PBXGroup;
			children = (
				79FB31091DC55DA5009E9872 /* SignInVC.swift */,
				79FB310C1DC67B2D009E9872 /* FeedVCViewController.swift */,
			);
			name = Controller;
			sourceTree = "<group>";
		};
		79FB30FD1DC505E1009E9872 /* Resources */ = {
			isa = PBXGroup;
			children = (
			);
			name = Resources;
			sourceTree = "<group>";
		};
		79FB30FE1DC505E8009E9872 /* Utilities */ = {
			isa = PBXGroup;
			children = (
				79FB31031DC5459F009E9872 /* Constants.swift */,
			);
			name = Utilities;
			sourceTree = "<group>";
		};
		F6A3C1AB30339974154E600F /* Frameworks */ = {
			isa = PBXGroup;
			children = (
				3864ED7945EC679B26485E16 /* Pods_DevChat.framework */,
			);
			name = Frameworks;
			sourceTree = "<group>";
		};
/* End PBXGroup section */

/* Begin PBXNativeTarget section */
		79FB30E41DC505AB009E9872 /* DevChat */ = {
			isa = PBXNativeTarget;
			buildConfigurationList = 79FB30F71DC505AB009E9872 /* Build configuration list for PBXNativeTarget "DevChat" */;
			buildPhases = (
				61DFBF7D782194EDE34E24C6 /* [CP] Check Pods Manifest.lock */,
				79FB30E11DC505AB009E9872 /* Sources */,
				79FB30E21DC505AB009E9872 /* Frameworks */,
				79FB30E31DC505AB009E9872 /* Resources */,
				0FFBD6D109CD8189FF1D6653 /* [CP] Embed Pods Frameworks */,
				7904BC2B1F8176892973C79E /* [CP] Copy Pods Resources */,
			);
			buildRules = (
			);
			dependencies = (
			);
			name = DevChat;
			productName = DevChat;
			productReference = 79FB30E51DC505AB009E9872 /* DevChat.app */;
			productType = "com.apple.product-type.application";
		};
/* End PBXNativeTarget section */

/* Begin PBXProject section */
		79FB30DD1DC505AB009E9872 /* Project object */ = {
			isa = PBXProject;
			attributes = {
				LastSwiftUpdateCheck = 0810;
				LastUpgradeCheck = 0810;
				ORGANIZATIONNAME = "Dustin Hullett";
				TargetAttributes = {
					79FB30E41DC505AB009E9872 = {
						CreatedOnToolsVersion = 8.1;
						DevelopmentTeam = JF363BN24A;
						ProvisioningStyle = Automatic;
						SystemCapabilities = {
							com.apple.Keychain = {
								enabled = 1;
							};
						};
					};
				};
			};
			buildConfigurationList = 79FB30E01DC505AB009E9872 /* Build configuration list for PBXProject "DevChat" */;
			compatibilityVersion = "Xcode 3.2";
			developmentRegion = English;
			hasScannedForEncodings = 0;
			knownRegions = (
				en,
				Base,
			);
			mainGroup = 79FB30DC1DC505AB009E9872;
			productRefGroup = 79FB30E61DC505AB009E9872 /* Products */;
			projectDirPath = "";
			projectRoot = "";
			targets = (
				79FB30E41DC505AB009E9872 /* DevChat */,
			);
		};
/* End PBXProject section */

/* Begin PBXResourcesBuildPhase section */
		79FB30E31DC505AB009E9872 /* Resources */ = {
			isa = PBXResourcesBuildPhase;
			buildActionMask = 2147483647;
			files = (
				79FB30F31DC505AB009E9872 /* LaunchScreen.storyboard in Resources */,
				79FB31001DC530FE009E9872 /* GoogleService-Info.plist in Resources */,
				79FB30F01DC505AB009E9872 /* Assets.xcassets in Resources */,
				79FB30EE1DC505AB009E9872 /* Main.storyboard in Resources */,
			);
			runOnlyForDeploymentPostprocessing = 0;
		};
/* End PBXResourcesBuildPhase section */

/* Begin PBXShellScriptBuildPhase section */
		0FFBD6D109CD8189FF1D6653 /* [CP] Embed Pods Frameworks */ = {
			isa = PBXShellScriptBuildPhase;
			buildActionMask = 2147483647;
			files = (
			);
			inputPaths = (
			);
			name = "[CP] Embed Pods Frameworks";
			outputPaths = (
			);
			runOnlyForDeploymentPostprocessing = 0;
			shellPath = /bin/sh;
			shellScript = "\"${SRCROOT}/Pods/Target Support Files/Pods-DevChat/Pods-DevChat-frameworks.sh\"\n";
			showEnvVarsInLog = 0;
		};
		61DFBF7D782194EDE34E24C6 /* [CP] Check Pods Manifest.lock */ = {
			isa = PBXShellScriptBuildPhase;
			buildActionMask = 2147483647;
			files = (
			);
			inputPaths = (
			);
			name = "[CP] Check Pods Manifest.lock";
			outputPaths = (
			);
			runOnlyForDeploymentPostprocessing = 0;
			shellPath = /bin/sh;
			shellScript = "diff \"${PODS_ROOT}/../Podfile.lock\" \"${PODS_ROOT}/Manifest.lock\" > /dev/null\nif [ $? != 0 ] ; then\n    # print error to STDERR\n    echo \"error: The sandbox is not in sync with the Podfile.lock. Run 'pod install' or update your CocoaPods installation.\" >&2\n    exit 1\nfi\n";
			showEnvVarsInLog = 0;
		};
		7904BC2B1F8176892973C79E /* [CP] Copy Pods Resources */ = {
			isa = PBXShellScriptBuildPhase;
			buildActionMask = 2147483647;
			files = (
			);
			inputPaths = (
			);
			name = "[CP] Copy Pods Resources";
			outputPaths = (
			);
			runOnlyForDeploymentPostprocessing = 0;
			shellPath = /bin/sh;
			shellScript = "\"${SRCROOT}/Pods/Target Support Files/Pods-DevChat/Pods-DevChat-resources.sh\"\n";
			showEnvVarsInLog = 0;
		};
/* End PBXShellScriptBuildPhase section */

/* Begin PBXSourcesBuildPhase section */
		79FB30E11DC505AB009E9872 /* Sources */ = {
			isa = PBXSourcesBuildPhase;
			buildActionMask = 2147483647;
			files = (
				79FB31081DC54980009E9872 /* RoundedTextField.swift in Sources */,
				79FB31061DC54735009E9872 /* RoundButton.swift in Sources */,
				79FB310A1DC55DA5009E9872 /* SignInVC.swift in Sources */,
				79FB31021DC54518009E9872 /* BetterViews.swift in Sources */,
				79FB30E91DC505AB009E9872 /* AppDelegate.swift in Sources */,
				79FB310D1DC67B2D009E9872 /* FeedVCViewController.swift in Sources */,
				79FB31041DC5459F009E9872 /* Constants.swift in Sources */,
			);
			runOnlyForDeploymentPostprocessing = 0;
		};
/* End PBXSourcesBuildPhase section */

/* Begin PBXVariantGroup section */
		79FB30EC1DC505AB009E9872 /* Main.storyboard */ = {
			isa = PBXVariantGroup;
			children = (
				79FB30ED1DC505AB009E9872 /* Base */,
			);
			name = Main.storyboard;
			sourceTree = "<group>";
		};
		79FB30F11DC505AB009E9872 /* LaunchScreen.storyboard */ = {
			isa = PBXVariantGroup;
			children = (
				79FB30F21DC505AB009E9872 /* Base */,
			);
			name = LaunchScreen.storyboard;
			sourceTree = "<group>";
		};
/* End PBXVariantGroup section */

/* Begin XCBuildConfiguration section */
		79FB30F51DC505AB009E9872 /* Debug */ = {
			isa = XCBuildConfiguration;
			buildSettings = {
				ALWAYS_SEARCH_USER_PATHS = NO;
				CLANG_ANALYZER_NONNULL = YES;
				CLANG_CXX_LANGUAGE_STANDARD = "gnu++0x";
				CLANG_CXX_LIBRARY = "libc++";
				CLANG_ENABLE_MODULES = YES;
				CLANG_ENABLE_OBJC_ARC = YES;
				CLANG_WARN_BOOL_CONVERSION = YES;
				CLANG_WARN_CONSTANT_CONVERSION = YES;
				CLANG_WARN_DIRECT_OBJC_ISA_USAGE = YES_ERROR;
				CLANG_WARN_DOCUMENTATION_COMMENTS = YES;
				CLANG_WARN_EMPTY_BODY = YES;
				CLANG_WARN_ENUM_CONVERSION = YES;
				CLANG_WARN_INFINITE_RECURSION = YES;
				CLANG_WARN_INT_CONVERSION = YES;
				CLANG_WARN_OBJC_ROOT_CLASS = YES_ERROR;
				CLANG_WARN_SUSPICIOUS_MOVES = YES;
				CLANG_WARN_UNREACHABLE_CODE = YES;
				CLANG_WARN__DUPLICATE_METHOD_MATCH = YES;
				"CODE_SIGN_IDENTITY[sdk=iphoneos*]" = "iPhone Developer";
				COPY_PHASE_STRIP = NO;
				DEBUG_INFORMATION_FORMAT = dwarf;
				ENABLE_STRICT_OBJC_MSGSEND = YES;
				ENABLE_TESTABILITY = YES;
				GCC_C_LANGUAGE_STANDARD = gnu99;
				GCC_DYNAMIC_NO_PIC = NO;
				GCC_NO_COMMON_BLOCKS = YES;
				GCC_OPTIMIZATION_LEVEL = 0;
				GCC_PREPROCESSOR_DEFINITIONS = (
					"DEBUG=1",
					"$(inherited)",
				);
				GCC_WARN_64_TO_32_BIT_CONVERSION = YES;
				GCC_WARN_ABOUT_RETURN_TYPE = YES_ERROR;
				GCC_WARN_UNDECLARED_SELECTOR = YES;
				GCC_WARN_UNINITIALIZED_AUTOS = YES_AGGRESSIVE;
				GCC_WARN_UNUSED_FUNCTION = YES;
				GCC_WARN_UNUSED_VARIABLE = YES;
				IPHONEOS_DEPLOYMENT_TARGET = 10.1;
				MTL_ENABLE_DEBUG_INFO = YES;
				ONLY_ACTIVE_ARCH = YES;
				SDKROOT = iphoneos;
				SWIFT_ACTIVE_COMPILATION_CONDITIONS = DEBUG;
				SWIFT_OPTIMIZATION_LEVEL = "-Onone";
			};
			name = Debug;
		};
		79FB30F61DC505AB009E9872 /* Release */ = {
			isa = XCBuildConfiguration;
			buildSettings = {
				ALWAYS_SEARCH_USER_PATHS = NO;
				CLANG_ANALYZER_NONNULL = YES;
				CLANG_CXX_LANGUAGE_STANDARD = "gnu++0x";
				CLANG_CXX_LIBRARY = "libc++";
				CLANG_ENABLE_MODULES = YES;
				CLANG_ENABLE_OBJC_ARC = YES;
				CLANG_WARN_BOOL_CONVERSION = YES;
				CLANG_WARN_CONSTANT_CONVERSION = YES;
				CLANG_WARN_DIRECT_OBJC_ISA_USAGE = YES_ERROR;
				CLANG_WARN_DOCUMENTATION_COMMENTS = YES;
				CLANG_WARN_EMPTY_BODY = YES;
				CLANG_WARN_ENUM_CONVERSION = YES;
				CLANG_WARN_INFINITE_RECURSION = YES;
				CLANG_WARN_INT_CONVERSION = YES;
				CLANG_WARN_OBJC_ROOT_CLASS = YES_ERROR;
				CLANG_WARN_SUSPICIOUS_MOVES = YES;
				CLANG_WARN_UNREACHABLE_CODE = YES;
				CLANG_WARN__DUPLICATE_METHOD_MATCH = YES;
				"CODE_SIGN_IDENTITY[sdk=iphoneos*]" = "iPhone Developer";
				COPY_PHASE_STRIP = NO;
				DEBUG_INFORMATION_FORMAT = "dwarf-with-dsym";
				ENABLE_NS_ASSERTIONS = NO;
				ENABLE_STRICT_OBJC_MSGSEND = YES;
				GCC_C_LANGUAGE_STANDARD = gnu99;
				GCC_NO_COMMON_BLOCKS = YES;
				GCC_WARN_64_TO_32_BIT_CONVERSION = YES;
				GCC_WARN_ABOUT_RETURN_TYPE = YES_ERROR;
				GCC_WARN_UNDECLARED_SELECTOR = YES;
				GCC_WARN_UNINITIALIZED_AUTOS = YES_AGGRESSIVE;
				GCC_WARN_UNUSED_FUNCTION = YES;
				GCC_WARN_UNUSED_VARIABLE = YES;
				IPHONEOS_DEPLOYMENT_TARGET = 10.1;
				MTL_ENABLE_DEBUG_INFO = NO;
				SDKROOT = iphoneos;
				SWIFT_OPTIMIZATION_LEVEL = "-Owholemodule";
				VALIDATE_PRODUCT = YES;
			};
			name = Release;
		};
		79FB30F81DC505AB009E9872 /* Debug */ = {
			isa = XCBuildConfiguration;
			baseConfigurationReference = 134147E0F89D5067E30AC340 /* Pods-DevChat.debug.xcconfig */;
			buildSettings = {
				ASSETCATALOG_COMPILER_APPICON_NAME = AppIcon;
				CODE_SIGN_ENTITLEMENTS = DevChat/DevChat.entitlements;
				DEVELOPMENT_TEAM = JF363BN24A;
				INFOPLIST_FILE = DevChat/Info.plist;
				LD_RUNPATH_SEARCH_PATHS = "$(inherited) @executable_path/Frameworks";
				PRODUCT_BUNDLE_IDENTIFIER = "Dustin-Hullett.DevChat";
				PRODUCT_NAME = "$(TARGET_NAME)";
				SWIFT_VERSION = 3.0;
			};
			name = Debug;
		};
		79FB30F91DC505AB009E9872 /* Release */ = {
			isa = XCBuildConfiguration;
			baseConfigurationReference = 6CD64A288E020979278B9430 /* Pods-DevChat.release.xcconfig */;
			buildSettings = {
				ASSETCATALOG_COMPILER_APPICON_NAME = AppIcon;
				CODE_SIGN_ENTITLEMENTS = DevChat/DevChat.entitlements;
				DEVELOPMENT_TEAM = JF363BN24A;
				INFOPLIST_FILE = DevChat/Info.plist;
				LD_RUNPATH_SEARCH_PATHS = "$(inherited) @executable_path/Frameworks";
				PRODUCT_BUNDLE_IDENTIFIER = "Dustin-Hullett.DevChat";
				PRODUCT_NAME = "$(TARGET_NAME)";
				SWIFT_VERSION = 3.0;
			};
			name = Release;
		};
/* End XCBuildConfiguration section */

/* Begin XCConfigurationList section */
		79FB30E01DC505AB009E9872 /* Build configuration list for PBXProject "DevChat" */ = {
			isa = XCConfigurationList;
			buildConfigurations = (
				79FB30F51DC505AB009E9872 /* Debug */,
				79FB30F61DC505AB009E9872 /* Release */,
			);
			defaultConfigurationIsVisible = 0;
			defaultConfigurationName = Release;
		};
		79FB30F71DC505AB009E9872 /* Build configuration list for PBXNativeTarget "DevChat" */ = {
			isa = XCConfigurationList;
			buildConfigurations = (
				79FB30F81DC505AB009E9872 /* Debug */,
				79FB30F91DC505AB009E9872 /* Release */,
			);
			defaultConfigurationIsVisible = 0;
			defaultConfigurationName = Release;
		};
/* End XCConfigurationList section */
	};
	rootObject = 79FB30DD1DC505AB009E9872 /* Project object */;
}
